
Microsoft Visual Studio Solution File, Format Version 12.00
# Visual Studio Version 17
VisualStudioVersion = 17.9.34723.18
MinimumVisualStudioVersion = 10.0.40219.1
Project("{FAE04EC0-301F-11D3-BF4B-00C04F79EFBC}") = "App Config Example", "App Config Example.csproj", "{4B333290-8BED-4EDF-B321-3E2397AB009E}"
EndProject
Global
	GlobalSection(SolutionConfigurationPlatforms) = preSolution
		Debug|Any CPU = Debug|Any CPU
		Release|Any CPU = Release|Any CPU
	EndGlobalSection
	GlobalSection(ProjectConfigurationPlatforms) = postSolution
		{4B333290-8BED-4EDF-B321-3E2397AB009E}.Debug|Any CPU.ActiveCfg = Debug|Any CPU
		{4B333290-8BED-4EDF-B321-3E2397AB009E}.Debug|Any CPU.Build.0 = Debug|Any CPU
		{4B333290-8BED-4EDF-B321-3E2397AB009E}.Release|Any CPU.ActiveCfg = Release|Any CPU
		{4B333290-8BED-4EDF-B321-3E2397AB009E}.Release|Any CPU.Build.0 = Release|Any CPU
	EndGlobalSection
	GlobalSection(SolutionProperties) = preSolution
		HideSolutionNode = FALSE
	EndGlobalSection
	GlobalSection(ExtensibilityGlobals) = postSolution
		SolutionGuid = {6D10126F-681B-4AB4-B879-4146684260C1}
	EndGlobalSection
EndGlobal
