
Microsoft Visual Studio Solution File, Format Version 12.00
# Visual Studio Version 17
VisualStudioVersion = 17.9.34723.18
MinimumVisualStudioVersion = 10.0.40219.1
Project("{FAE04EC0-301F-11D3-BF4B-00C04F79EFBC}") = "Encrypt&Decrypt Image Example", "Encrypt&Decrypt Image Example.csproj", "{1FE1EDBB-0F36-495E-916D-973851E15150}"
EndProject
Global
	GlobalSection(SolutionConfigurationPlatforms) = preSolution
		Debug|Any CPU = Debug|Any CPU
		Release|Any CPU = Release|Any CPU
	EndGlobalSection
	GlobalSection(ProjectConfigurationPlatforms) = postSolution
		{1FE1EDBB-0F36-495E-916D-973851E15150}.Debug|Any CPU.ActiveCfg = Debug|Any CPU
		{1FE1EDBB-0F36-495E-916D-973851E15150}.Debug|Any CPU.Build.0 = Debug|Any CPU
		{1FE1EDBB-0F36-495E-916D-973851E15150}.Release|Any CPU.ActiveCfg = Release|Any CPU
		{1FE1EDBB-0F36-495E-916D-973851E15150}.Release|Any CPU.Build.0 = Release|Any CPU
	EndGlobalSection
	GlobalSection(SolutionProperties) = preSolution
		HideSolutionNode = FALSE
	EndGlobalSection
	GlobalSection(ExtensibilityGlobals) = postSolution
		SolutionGuid = {22B205D9-2584-44FF-8ADD-C7560216E7EA}
	EndGlobalSection
EndGlobal
